
Microsoft Visual Studio Solution File, Format Version 12.00
# Visual Studio Version 17
VisualStudioVersion = 17.3.32929.385
MinimumVisualStudioVersion = 10.0.40219.1
Project("{FAE04EC0-301F-11D3-BF4B-00C04F79EFBC}") = "Empresa", "Empresa\Empresa.csproj", "{C5D6F925-1E2E-476D-BB67-4A73931F17FA}"
EndProject
Global
	GlobalSection(SolutionConfigurationPlatforms) = preSolution
		Debug|Any CPU = Debug|Any CPU
		Release|Any CPU = Release|Any CPU
	EndGlobalSection
	GlobalSection(ProjectConfigurationPlatforms) = postSolution
		{C5D6F925-1E2E-476D-BB67-4A73931F17FA}.Debug|Any CPU.ActiveCfg = Debug|Any CPU
		{C5D6F925-1E2E-476D-BB67-4A73931F17FA}.Debug|Any CPU.Build.0 = Debug|Any CPU
		{C5D6F925-1E2E-476D-BB67-4A73931F17FA}.Release|Any CPU.ActiveCfg = Release|Any CPU
		{C5D6F925-1E2E-476D-BB67-4A73931F17FA}.Release|Any CPU.Build.0 = Release|Any CPU
	EndGlobalSection
	GlobalSection(SolutionProperties) = preSolution
		HideSolutionNode = FALSE
	EndGlobalSection
	GlobalSection(ExtensibilityGlobals) = postSolution
		SolutionGuid = {E21ABCB8-8710-43E5-A5CA-351090D6C508}
	EndGlobalSection
EndGlobal
